
Microsoft Visual Studio Solution File, Format Version 12.00
# Visual Studio 15
VisualStudioVersion = 15.0.27703.2018
MinimumVisualStudioVersion = 10.0.40219.1
Project("{9A19103F-16F7-4668-BE54-9A1E7A4F7556}") = "eGallery.Infrastructure.BaseClass", "eGallery.Infrastructure.BaseClass\eGallery.Infrastructure.BaseClass.csproj", "{7F79E1AD-BC84-4F5B-AD38-3493ABE0383F}"
EndProject
Project("{9A19103F-16F7-4668-BE54-9A1E7A4F7556}") = "eGallery.Contracts", "eGallery.Contracts\eGallery.Contracts.csproj", "{BF613F74-C3C5-4877-A708-743E58018E66}"
EndProject
Project("{9A19103F-16F7-4668-BE54-9A1E7A4F7556}") = "eGallery.Repository", "eGallery.Repository\eGallery.Repository.csproj", "{D1AD3DAC-3694-4D49-B383-D2F010353B00}"
EndProject
Project("{9A19103F-16F7-4668-BE54-9A1E7A4F7556}") = "eGallery.Business", "eGallery.Business\eGallery.Business.csproj", "{0D2273BE-7964-4B52-9A54-897905E31490}"
EndProject
Project("{9A19103F-16F7-4668-BE54-9A1E7A4F7556}") = "eGallery.UnitOfWork", "eGallery.UnitOfWork\eGallery.UnitOfWork.csproj", "{4C722C40-E968-4B59-9F51-6A742351BF55}"
EndProject
Project("{9A19103F-16F7-4668-BE54-9A1E7A4F7556}") = "eGallery.Web.Razor", "eGallery.Web.Razor\eGallery.Web.Razor.csproj", "{EF5CCC21-DE63-4724-B0C9-098CF4F5DB6C}"
EndProject
Project("{9A19103F-16F7-4668-BE54-9A1E7A4F7556}") = "eGallery.Api", "eGallery.Api\eGallery.Api.csproj", "{F68737A8-CB9B-48AE-B676-0CF59A53F4F1}"
EndProject
Global
	GlobalSection(SolutionConfigurationPlatforms) = preSolution
		Debug|Any CPU = Debug|Any CPU
		Release|Any CPU = Release|Any CPU
	EndGlobalSection
	GlobalSection(ProjectConfigurationPlatforms) = postSolution
		{7F79E1AD-BC84-4F5B-AD38-3493ABE0383F}.Debug|Any CPU.ActiveCfg = Debug|Any CPU
		{7F79E1AD-BC84-4F5B-AD38-3493ABE0383F}.Debug|Any CPU.Build.0 = Debug|Any CPU
		{7F79E1AD-BC84-4F5B-AD38-3493ABE0383F}.Release|Any CPU.ActiveCfg = Release|Any CPU
		{7F79E1AD-BC84-4F5B-AD38-3493ABE0383F}.Release|Any CPU.Build.0 = Release|Any CPU
		{BF613F74-C3C5-4877-A708-743E58018E66}.Debug|Any CPU.ActiveCfg = Debug|Any CPU
		{BF613F74-C3C5-4877-A708-743E58018E66}.Debug|Any CPU.Build.0 = Debug|Any CPU
		{BF613F74-C3C5-4877-A708-743E58018E66}.Release|Any CPU.ActiveCfg = Release|Any CPU
		{BF613F74-C3C5-4877-A708-743E58018E66}.Release|Any CPU.Build.0 = Release|Any CPU
		{D1AD3DAC-3694-4D49-B383-D2F010353B00}.Debug|Any CPU.ActiveCfg = Debug|Any CPU
		{D1AD3DAC-3694-4D49-B383-D2F010353B00}.Debug|Any CPU.Build.0 = Debug|Any CPU
		{D1AD3DAC-3694-4D49-B383-D2F010353B00}.Release|Any CPU.ActiveCfg = Release|Any CPU
		{D1AD3DAC-3694-4D49-B383-D2F010353B00}.Release|Any CPU.Build.0 = Release|Any CPU
		{0D2273BE-7964-4B52-9A54-897905E31490}.Debug|Any CPU.ActiveCfg = Debug|Any CPU
		{0D2273BE-7964-4B52-9A54-897905E31490}.Debug|Any CPU.Build.0 = Debug|Any CPU
		{0D2273BE-7964-4B52-9A54-897905E31490}.Release|Any CPU.ActiveCfg = Release|Any CPU
		{0D2273BE-7964-4B52-9A54-897905E31490}.Release|Any CPU.Build.0 = Release|Any CPU
		{4C722C40-E968-4B59-9F51-6A742351BF55}.Debug|Any CPU.ActiveCfg = Debug|Any CPU
		{4C722C40-E968-4B59-9F51-6A742351BF55}.Debug|Any CPU.Build.0 = Debug|Any CPU
		{4C722C40-E968-4B59-9F51-6A742351BF55}.Release|Any CPU.ActiveCfg = Release|Any CPU
		{4C722C40-E968-4B59-9F51-6A742351BF55}.Release|Any CPU.Build.0 = Release|Any CPU
		{EF5CCC21-DE63-4724-B0C9-098CF4F5DB6C}.Debug|Any CPU.ActiveCfg = Debug|Any CPU
		{EF5CCC21-DE63-4724-B0C9-098CF4F5DB6C}.Debug|Any CPU.Build.0 = Debug|Any CPU
		{EF5CCC21-DE63-4724-B0C9-098CF4F5DB6C}.Release|Any CPU.ActiveCfg = Release|Any CPU
		{EF5CCC21-DE63-4724-B0C9-098CF4F5DB6C}.Release|Any CPU.Build.0 = Release|Any CPU
		{F68737A8-CB9B-48AE-B676-0CF59A53F4F1}.Debug|Any CPU.ActiveCfg = Debug|Any CPU
		{F68737A8-CB9B-48AE-B676-0CF59A53F4F1}.Debug|Any CPU.Build.0 = Debug|Any CPU
		{F68737A8-CB9B-48AE-B676-0CF59A53F4F1}.Release|Any CPU.ActiveCfg = Release|Any CPU
		{F68737A8-CB9B-48AE-B676-0CF59A53F4F1}.Release|Any CPU.Build.0 = Release|Any CPU
	EndGlobalSection
	GlobalSection(SolutionProperties) = preSolution
		HideSolutionNode = FALSE
	EndGlobalSection
	GlobalSection(ExtensibilityGlobals) = postSolution
		SolutionGuid = {3B773DC8-8403-4EB3-8469-710A7ED03572}
	EndGlobalSection
EndGlobal
